
Microsoft Visual Studio Solution File, Format Version 12.00
# Visual Studio Version 16
VisualStudioVersion = 16.0.30523.141
MinimumVisualStudioVersion = 10.0.40219.1
Project("{9A19103F-16F7-4668-BE54-9A1E7A4F7556}") = "User_tel", "User_serch\User_tel.csproj", "{0836FFBA-2FC9-4631-9CCC-8D5C96954376}"
EndProject
Project("{FAE04EC0-301F-11D3-BF4B-00C04F79EFBC}") = "WindowsForms", "WindowsForms\WindowsForms.csproj", "{BA9AE40A-0300-4F67-BFC5-622B06A80AB3}"
EndProject
Global
	GlobalSection(SolutionConfigurationPlatforms) = preSolution
		Debug|Any CPU = Debug|Any CPU
		Release|Any CPU = Release|Any CPU
	EndGlobalSection
	GlobalSection(ProjectConfigurationPlatforms) = postSolution
		{0836FFBA-2FC9-4631-9CCC-8D5C96954376}.Debug|Any CPU.ActiveCfg = Debug|Any CPU
		{0836FFBA-2FC9-4631-9CCC-8D5C96954376}.Debug|Any CPU.Build.0 = Debug|Any CPU
		{0836FFBA-2FC9-4631-9CCC-8D5C96954376}.Release|Any CPU.ActiveCfg = Release|Any CPU
		{0836FFBA-2FC9-4631-9CCC-8D5C96954376}.Release|Any CPU.Build.0 = Release|Any CPU
		{BA9AE40A-0300-4F67-BFC5-622B06A80AB3}.Debug|Any CPU.ActiveCfg = Debug|Any CPU
		{BA9AE40A-0300-4F67-BFC5-622B06A80AB3}.Debug|Any CPU.Build.0 = Debug|Any CPU
		{BA9AE40A-0300-4F67-BFC5-622B06A80AB3}.Release|Any CPU.ActiveCfg = Release|Any CPU
		{BA9AE40A-0300-4F67-BFC5-622B06A80AB3}.Release|Any CPU.Build.0 = Release|Any CPU
	EndGlobalSection
	GlobalSection(SolutionProperties) = preSolution
		HideSolutionNode = FALSE
	EndGlobalSection
	GlobalSection(ExtensibilityGlobals) = postSolution
		SolutionGuid = {264694BD-08D8-4713-BD0D-8FDF9D1EE804}
	EndGlobalSection
EndGlobal
