
Microsoft Visual Studio Solution File, Format Version 12.00
# Visual Studio Version 16
VisualStudioVersion = 16.0.30907.101
MinimumVisualStudioVersion = 10.0.40219.1
Project("{FAE04EC0-301F-11D3-BF4B-00C04F79EFBC}") = "Film_library", "Film_library\Film_library.csproj", "{DDDFC61B-DD86-40E7-AAC0-5973F9F52E8E}"
EndProject
Global
	GlobalSection(SolutionConfigurationPlatforms) = preSolution
		Debug|Any CPU = Debug|Any CPU
		Release|Any CPU = Release|Any CPU
	EndGlobalSection
	GlobalSection(ProjectConfigurationPlatforms) = postSolution
		{DDDFC61B-DD86-40E7-AAC0-5973F9F52E8E}.Debug|Any CPU.ActiveCfg = Debug|Any CPU
		{DDDFC61B-DD86-40E7-AAC0-5973F9F52E8E}.Debug|Any CPU.Build.0 = Debug|Any CPU
		{DDDFC61B-DD86-40E7-AAC0-5973F9F52E8E}.Release|Any CPU.ActiveCfg = Release|Any CPU
		{DDDFC61B-DD86-40E7-AAC0-5973F9F52E8E}.Release|Any CPU.Build.0 = Release|Any CPU
	EndGlobalSection
	GlobalSection(SolutionProperties) = preSolution
		HideSolutionNode = FALSE
	EndGlobalSection
	GlobalSection(ExtensibilityGlobals) = postSolution
		SolutionGuid = {8030E9F6-C728-45BA-9815-3C3D86A0DCA6}
	EndGlobalSection
EndGlobal
